
Microsoft Visual Studio Solution File, Format Version 12.00
# Visual Studio Version 17
VisualStudioVersion = 17.3.32901.215
MinimumVisualStudioVersion = 10.0.40219.1
Project("{FAE04EC0-301F-11D3-BF4B-00C04F79EFBC}") = "MyWeather", "MyWeather\MyWeather.csproj", "{8A6FEE54-4618-4789-88E5-9D0340AD4ADE}"
EndProject
Global
	GlobalSection(SolutionConfigurationPlatforms) = preSolution
		Debug|Any CPU = Debug|Any CPU
		Release|Any CPU = Release|Any CPU
	EndGlobalSection
	GlobalSection(ProjectConfigurationPlatforms) = postSolution
		{8A6FEE54-4618-4789-88E5-9D0340AD4ADE}.Debug|Any CPU.ActiveCfg = Debug|Any CPU
		{8A6FEE54-4618-4789-88E5-9D0340AD4ADE}.Debug|Any CPU.Build.0 = Debug|Any CPU
		{8A6FEE54-4618-4789-88E5-9D0340AD4ADE}.Release|Any CPU.ActiveCfg = Release|Any CPU
		{8A6FEE54-4618-4789-88E5-9D0340AD4ADE}.Release|Any CPU.Build.0 = Release|Any CPU
	EndGlobalSection
	GlobalSection(SolutionProperties) = preSolution
		HideSolutionNode = FALSE
	EndGlobalSection
	GlobalSection(ExtensibilityGlobals) = postSolution
		SolutionGuid = {4B83758B-9AF9-47B2-9339-868F32D263AE}
	EndGlobalSection
EndGlobal
